
Microsoft Visual Studio Solution File, Format Version 12.00
# Visual Studio Version 17
VisualStudioVersion = 17.5.001.0
MinimumVisualStudioVersion = 10.0.40219.1
Project("{9A19103F-16F7-4668-BE54-9A1E7A4F7556}") = "Cards", "Cards.csproj", "{D809E33A-C9B3-4684-B04E-F9F745F1E201}"
EndProject
Global
	GlobalSection(SolutionConfigurationPlatforms) = preSolution
		Debug|Any CPU = Debug|Any CPU
		Release|Any CPU = Release|Any CPU
	EndGlobalSection
	GlobalSection(ProjectConfigurationPlatforms) = postSolution
		{D809E33A-C9B3-4684-B04E-F9F745F1E201}.Debug|Any CPU.ActiveCfg = Debug|Any CPU
		{D809E33A-C9B3-4684-B04E-F9F745F1E201}.Debug|Any CPU.Build.0 = Debug|Any CPU
		{D809E33A-C9B3-4684-B04E-F9F745F1E201}.Release|Any CPU.ActiveCfg = Release|Any CPU
		{D809E33A-C9B3-4684-B04E-F9F745F1E201}.Release|Any CPU.Build.0 = Release|Any CPU
	EndGlobalSection
	GlobalSection(SolutionProperties) = preSolution
		HideSolutionNode = FALSE
	EndGlobalSection
	GlobalSection(ExtensibilityGlobals) = postSolution
		SolutionGuid = {EEAFE3F8-9C3F-4ED3-8CC0-058BF42BFEF5}
	EndGlobalSection
EndGlobal
